
Microsoft Visual Studio Solution File, Format Version 12.00
# Visual Studio Version 16
VisualStudioVersion = 16.0.31911.196
MinimumVisualStudioVersion = 10.0.40219.1
Project("{FAE04EC0-301F-11D3-BF4B-00C04F79EFBC}") = "T01. Numbers Ending in 7", "T01. Numbers Ending in 7\T01. Numbers Ending in 7.csproj", "{3D8167CA-DD49-4D72-B438-6E02369CCDBA}"
EndProject
Global
	GlobalSection(SolutionConfigurationPlatforms) = preSolution
		Debug|Any CPU = Debug|Any CPU
		Release|Any CPU = Release|Any CPU
	EndGlobalSection
	GlobalSection(ProjectConfigurationPlatforms) = postSolution
		{3D8167CA-DD49-4D72-B438-6E02369CCDBA}.Debug|Any CPU.ActiveCfg = Debug|Any CPU
		{3D8167CA-DD49-4D72-B438-6E02369CCDBA}.Debug|Any CPU.Build.0 = Debug|Any CPU
		{3D8167CA-DD49-4D72-B438-6E02369CCDBA}.Release|Any CPU.ActiveCfg = Release|Any CPU
		{3D8167CA-DD49-4D72-B438-6E02369CCDBA}.Release|Any CPU.Build.0 = Release|Any CPU
	EndGlobalSection
	GlobalSection(SolutionProperties) = preSolution
		HideSolutionNode = FALSE
	EndGlobalSection
	GlobalSection(ExtensibilityGlobals) = postSolution
		SolutionGuid = {508ACFF9-426D-480A-97BF-5C4BD3EC296E}
	EndGlobalSection
EndGlobal
