
Microsoft Visual Studio Solution File, Format Version 12.00
# Visual Studio Version 16
VisualStudioVersion = 16.0.31911.196
MinimumVisualStudioVersion = 10.0.40219.1
Project("{FAE04EC0-301F-11D3-BF4B-00C04F79EFBC}") = "T03. Histogram", "T03. Histogram\T03. Histogram.csproj", "{333AC2F1-A3E4-4867-AEA1-543D9EEAAD08}"
EndProject
Global
	GlobalSection(SolutionConfigurationPlatforms) = preSolution
		Debug|Any CPU = Debug|Any CPU
		Release|Any CPU = Release|Any CPU
	EndGlobalSection
	GlobalSection(ProjectConfigurationPlatforms) = postSolution
		{333AC2F1-A3E4-4867-AEA1-543D9EEAAD08}.Debug|Any CPU.ActiveCfg = Debug|Any CPU
		{333AC2F1-A3E4-4867-AEA1-543D9EEAAD08}.Debug|Any CPU.Build.0 = Debug|Any CPU
		{333AC2F1-A3E4-4867-AEA1-543D9EEAAD08}.Release|Any CPU.ActiveCfg = Release|Any CPU
		{333AC2F1-A3E4-4867-AEA1-543D9EEAAD08}.Release|Any CPU.Build.0 = Release|Any CPU
	EndGlobalSection
	GlobalSection(SolutionProperties) = preSolution
		HideSolutionNode = FALSE
	EndGlobalSection
	GlobalSection(ExtensibilityGlobals) = postSolution
		SolutionGuid = {FA306940-639B-4CAA-A361-FB9A86E47792}
	EndGlobalSection
EndGlobal
