
Microsoft Visual Studio Solution File, Format Version 12.00
# Visual Studio Version 16
VisualStudioVersion = 16.0.31911.196
MinimumVisualStudioVersion = 10.0.40219.1
Project("{FAE04EC0-301F-11D3-BF4B-00C04F79EFBC}") = "T04. Clever Lily", "T04. Clever Lily\T04. Clever Lily.csproj", "{BDC260BA-5325-453D-B406-1E27AB4A10F4}"
EndProject
Global
	GlobalSection(SolutionConfigurationPlatforms) = preSolution
		Debug|Any CPU = Debug|Any CPU
		Release|Any CPU = Release|Any CPU
	EndGlobalSection
	GlobalSection(ProjectConfigurationPlatforms) = postSolution
		{BDC260BA-5325-453D-B406-1E27AB4A10F4}.Debug|Any CPU.ActiveCfg = Debug|Any CPU
		{BDC260BA-5325-453D-B406-1E27AB4A10F4}.Debug|Any CPU.Build.0 = Debug|Any CPU
		{BDC260BA-5325-453D-B406-1E27AB4A10F4}.Release|Any CPU.ActiveCfg = Release|Any CPU
		{BDC260BA-5325-453D-B406-1E27AB4A10F4}.Release|Any CPU.Build.0 = Release|Any CPU
	EndGlobalSection
	GlobalSection(SolutionProperties) = preSolution
		HideSolutionNode = FALSE
	EndGlobalSection
	GlobalSection(ExtensibilityGlobals) = postSolution
		SolutionGuid = {0261C5FB-C65C-4257-BAF7-51CA79203D9F}
	EndGlobalSection
EndGlobal
