
Microsoft Visual Studio Solution File, Format Version 12.00
# Visual Studio Version 16
VisualStudioVersion = 16.0.31911.196
MinimumVisualStudioVersion = 10.0.40219.1
Project("{FAE04EC0-301F-11D3-BF4B-00C04F79EFBC}") = "T05. Salary", "T05. Salary\T05. Salary.csproj", "{5A14B025-6947-4514-BF37-A43D3413696B}"
EndProject
Global
	GlobalSection(SolutionConfigurationPlatforms) = preSolution
		Debug|Any CPU = Debug|Any CPU
		Release|Any CPU = Release|Any CPU
	EndGlobalSection
	GlobalSection(ProjectConfigurationPlatforms) = postSolution
		{5A14B025-6947-4514-BF37-A43D3413696B}.Debug|Any CPU.ActiveCfg = Debug|Any CPU
		{5A14B025-6947-4514-BF37-A43D3413696B}.Debug|Any CPU.Build.0 = Debug|Any CPU
		{5A14B025-6947-4514-BF37-A43D3413696B}.Release|Any CPU.ActiveCfg = Release|Any CPU
		{5A14B025-6947-4514-BF37-A43D3413696B}.Release|Any CPU.Build.0 = Release|Any CPU
	EndGlobalSection
	GlobalSection(SolutionProperties) = preSolution
		HideSolutionNode = FALSE
	EndGlobalSection
	GlobalSection(ExtensibilityGlobals) = postSolution
		SolutionGuid = {3C97D10E-0BCA-49D2-82E7-6A9359E74C8B}
	EndGlobalSection
EndGlobal
