
Microsoft Visual Studio Solution File, Format Version 12.00
# Visual Studio Version 16
VisualStudioVersion = 16.0.31911.196
MinimumVisualStudioVersion = 10.0.40219.1
Project("{FAE04EC0-301F-11D3-BF4B-00C04F79EFBC}") = "T08. Tennis Ranklist", "T08. Tennis Ranklist\T08. Tennis Ranklist.csproj", "{E9AC06C2-E084-412E-8766-F3D866EEDE3C}"
EndProject
Global
	GlobalSection(SolutionConfigurationPlatforms) = preSolution
		Debug|Any CPU = Debug|Any CPU
		Release|Any CPU = Release|Any CPU
	EndGlobalSection
	GlobalSection(ProjectConfigurationPlatforms) = postSolution
		{E9AC06C2-E084-412E-8766-F3D866EEDE3C}.Debug|Any CPU.ActiveCfg = Debug|Any CPU
		{E9AC06C2-E084-412E-8766-F3D866EEDE3C}.Debug|Any CPU.Build.0 = Debug|Any CPU
		{E9AC06C2-E084-412E-8766-F3D866EEDE3C}.Release|Any CPU.ActiveCfg = Release|Any CPU
		{E9AC06C2-E084-412E-8766-F3D866EEDE3C}.Release|Any CPU.Build.0 = Release|Any CPU
	EndGlobalSection
	GlobalSection(SolutionProperties) = preSolution
		HideSolutionNode = FALSE
	EndGlobalSection
	GlobalSection(ExtensibilityGlobals) = postSolution
		SolutionGuid = {781A3A9A-4B50-46DF-8C56-5701270A43EF}
	EndGlobalSection
EndGlobal
