
Microsoft Visual Studio Solution File, Format Version 12.00
# Visual Studio Version 16
VisualStudioVersion = 16.0.31911.196
MinimumVisualStudioVersion = 10.0.40219.1
Project("{FAE04EC0-301F-11D3-BF4B-00C04F79EFBC}") = "T02. Exam Preparation", "T02. Exam Preparation\T02. Exam Preparation.csproj", "{FBBFEC01-EB80-48AE-850D-1D098C59EB4C}"
EndProject
Global
	GlobalSection(SolutionConfigurationPlatforms) = preSolution
		Debug|Any CPU = Debug|Any CPU
		Release|Any CPU = Release|Any CPU
	EndGlobalSection
	GlobalSection(ProjectConfigurationPlatforms) = postSolution
		{FBBFEC01-EB80-48AE-850D-1D098C59EB4C}.Debug|Any CPU.ActiveCfg = Debug|Any CPU
		{FBBFEC01-EB80-48AE-850D-1D098C59EB4C}.Debug|Any CPU.Build.0 = Debug|Any CPU
		{FBBFEC01-EB80-48AE-850D-1D098C59EB4C}.Release|Any CPU.ActiveCfg = Release|Any CPU
		{FBBFEC01-EB80-48AE-850D-1D098C59EB4C}.Release|Any CPU.Build.0 = Release|Any CPU
	EndGlobalSection
	GlobalSection(SolutionProperties) = preSolution
		HideSolutionNode = FALSE
	EndGlobalSection
	GlobalSection(ExtensibilityGlobals) = postSolution
		SolutionGuid = {69CF76D8-AB7B-42CB-894C-54FEA92F51B3}
	EndGlobalSection
EndGlobal
